
Microsoft Visual Studio Solution File, Format Version 12.00
# Visual Studio 15
Project("{FAE04EC0-301F-11D3-BF4B-00C04F79EFBC}") = "Live2D.Cubism", "Live2D.Cubism.csproj", "{92DEA3C2-DD5C-A920-FDBA-5AAA1B8959F0}"
EndProject
Project("{FAE04EC0-301F-11D3-BF4B-00C04F79EFBC}") = "Live2D.Cubism.Editor", "Live2D.Cubism.Editor.csproj", "{88DE141A-EEC9-7187-AB74-9EB8C3EC5AFE}"
EndProject
Project("{FAE04EC0-301F-11D3-BF4B-00C04F79EFBC}") = "Assembly-CSharp", "Assembly-CSharp.csproj", "{D88D25F6-BF5C-0A9F-D3B5-2593567CE336}"
EndProject
Global
	GlobalSection(SolutionConfigurationPlatforms) = preSolution
		Debug|Any CPU = Debug|Any CPU
		Release|Any CPU = Release|Any CPU
	EndGlobalSection
	GlobalSection(ProjectConfigurationPlatforms) = postSolution
		{92DEA3C2-DD5C-A920-FDBA-5AAA1B8959F0}.Debug|Any CPU.ActiveCfg = Debug|Any CPU
		{92DEA3C2-DD5C-A920-FDBA-5AAA1B8959F0}.Debug|Any CPU.Build.0 = Debug|Any CPU
		{92DEA3C2-DD5C-A920-FDBA-5AAA1B8959F0}.Release|Any CPU.ActiveCfg = Release|Any CPU
		{92DEA3C2-DD5C-A920-FDBA-5AAA1B8959F0}.Release|Any CPU.Build.0 = Release|Any CPU
		{88DE141A-EEC9-7187-AB74-9EB8C3EC5AFE}.Debug|Any CPU.ActiveCfg = Debug|Any CPU
		{88DE141A-EEC9-7187-AB74-9EB8C3EC5AFE}.Debug|Any CPU.Build.0 = Debug|Any CPU
		{88DE141A-EEC9-7187-AB74-9EB8C3EC5AFE}.Release|Any CPU.ActiveCfg = Release|Any CPU
		{88DE141A-EEC9-7187-AB74-9EB8C3EC5AFE}.Release|Any CPU.Build.0 = Release|Any CPU
		{D88D25F6-BF5C-0A9F-D3B5-2593567CE336}.Debug|Any CPU.ActiveCfg = Debug|Any CPU
		{D88D25F6-BF5C-0A9F-D3B5-2593567CE336}.Debug|Any CPU.Build.0 = Debug|Any CPU
		{D88D25F6-BF5C-0A9F-D3B5-2593567CE336}.Release|Any CPU.ActiveCfg = Release|Any CPU
		{D88D25F6-BF5C-0A9F-D3B5-2593567CE336}.Release|Any CPU.Build.0 = Release|Any CPU
	EndGlobalSection
	GlobalSection(SolutionProperties) = preSolution
		HideSolutionNode = FALSE
	EndGlobalSection
EndGlobal
